
Microsoft Visual Studio Solution File, Format Version 12.00
# Visual Studio Version 17
VisualStudioVersion = 17.3.32929.385
MinimumVisualStudioVersion = 10.0.40219.1
Project("{FAE04EC0-301F-11D3-BF4B-00C04F79EFBC}") = "Decembertwebapp1", "Decembertwebapp1\Decembertwebapp1.csproj", "{430D566D-EF86-44FA-BA54-CBF15D54445E}"
EndProject
Global
	GlobalSection(SolutionConfigurationPlatforms) = preSolution
		Debug|Any CPU = Debug|Any CPU
		Release|Any CPU = Release|Any CPU
	EndGlobalSection
	GlobalSection(ProjectConfigurationPlatforms) = postSolution
		{430D566D-EF86-44FA-BA54-CBF15D54445E}.Debug|Any CPU.ActiveCfg = Debug|Any CPU
		{430D566D-EF86-44FA-BA54-CBF15D54445E}.Debug|Any CPU.Build.0 = Debug|Any CPU
		{430D566D-EF86-44FA-BA54-CBF15D54445E}.Release|Any CPU.ActiveCfg = Release|Any CPU
		{430D566D-EF86-44FA-BA54-CBF15D54445E}.Release|Any CPU.Build.0 = Release|Any CPU
	EndGlobalSection
	GlobalSection(SolutionProperties) = preSolution
		HideSolutionNode = FALSE
	EndGlobalSection
	GlobalSection(ExtensibilityGlobals) = postSolution
		SolutionGuid = {75003BBF-8795-4F95-9965-C6D6F90A66A5}
	EndGlobalSection
EndGlobal
